{
  "object": {
    "pins": [
      {
        "package": "JHThird",
        "repositoryURL": "http://192.168.9.190/publicplugingoup/JHThirdPackage.git",
        "state": {
          "branch": "master",
          "revision": "a439bc4cac485ce13abc042dea8cb76b23642b11",
          "version": null
        }
      }
    ]
  },
  "version": 1
}
