{
  "object": {
    "pins": [
      {
        "package": "JHThird",
        "repositoryURL": "http://192.168.9.190/publicplugingoup/JHThirdPackage.git",
        "state": {
          "branch": "master",
          "revision": "60bd83d8034d0eb4cb44eadec6b08e59674f9f69",
          "version": null
        }
      }
    ]
  },
  "version": 1
}
