{
  "object": {
    "pins": [
      {
        "package": "JHThird",
        "repositoryURL": "http://192.168.9.190/publicplugingoup/JHThirdPackage.git",
        "state": {
          "branch": "master",
          "revision": "6eb7e44c5c5291930448a6cc764faed4dfc68732",
          "version": null
        }
      }
    ]
  },
  "version": 1
}
