{
  "object": {
    "pins": [
      {
        "package": "JHThird",
        "repositoryURL": "http://192.168.9.190/publicplugingoup/JHThirdPackage.git",
        "state": {
          "branch": "master",
          "revision": "7905f521080eb35aefc6e1efeace20d510740fc4",
          "version": null
        }
      }
    ]
  },
  "version": 1
}
