{
  "object": {
    "pins": [
      {
        "package": "JHThird",
        "repositoryURL": "http://192.168.9.190/publicplugingoup/JHThirdPackage.git",
        "state": {
          "branch": "master",
          "revision": "429f8114eb9f2ac50cbc2a82f9b2f86369fc8661",
          "version": null
        }
      }
    ]
  },
  "version": 1
}
