// !$*UTF8*$!
{
	archiveVersion = 1;
	classes = {
	};
	objectVersion = 50;
	objects = {

/* Begin PBXBuildFile section */
		4EB67E1926D64DF000A30EA4 /* JHBaseColor.swift in Sources */ = {isa = PBXBuildFile; fileRef = 9C92D22426CE1F15005F0742 /* JHBaseColor.swift */; };
		9C92D22726CE1F15005F0742 /* JHBaseUI.swift in Sources */ = {isa = PBXBuildFile; fileRef = 9C92D22526CE1F15005F0742 /* JHBaseUI.swift */; };
		9CE5E54C26CD29BF00F2E990 /* JHBase.h in Headers */ = {isa = PBXBuildFile; fileRef = 9CE5E54A26CD29BF00F2E990 /* JHBase.h */; settings = {ATTRIBUTES = (Public, ); }; };
		9CEC8A4626D634F000089960 /* AppDelegate.m in Sources */ = {isa = PBXBuildFile; fileRef = 9CEC8A4526D634F000089960 /* AppDelegate.m */; };
		9CEC8A4C26D634F000089960 /* ViewController.m in Sources */ = {isa = PBXBuildFile; fileRef = 9CEC8A4B26D634F000089960 /* ViewController.m */; };
		9CEC8A4F26D634F000089960 /* Main.storyboard in Resources */ = {isa = PBXBuildFile; fileRef = 9CEC8A4D26D634F000089960 /* Main.storyboard */; };
		9CEC8A5126D634F100089960 /* Assets.xcassets in Resources */ = {isa = PBXBuildFile; fileRef = 9CEC8A5026D634F100089960 /* Assets.xcassets */; };
		9CEC8A5426D634F100089960 /* LaunchScreen.storyboard in Resources */ = {isa = PBXBuildFile; fileRef = 9CEC8A5226D634F100089960 /* LaunchScreen.storyboard */; };
		9CEC8A5726D634F100089960 /* main.m in Sources */ = {isa = PBXBuildFile; fileRef = 9CEC8A5626D634F100089960 /* main.m */; };
		9CEC8A5E26D639AB00089960 /* MainModel.swift in Sources */ = {isa = PBXBuildFile; fileRef = 9CEC8A5D26D639AB00089960 /* MainModel.swift */; };
		9CEC8A5F26D639EC00089960 /* JHBaseUI.swift in Sources */ = {isa = PBXBuildFile; fileRef = 9C92D22526CE1F15005F0742 /* JHBaseUI.swift */; };
		9CEC8A6326D63CB900089960 /* JHBaseColor.swift in Sources */ = {isa = PBXBuildFile; fileRef = 9C92D22426CE1F15005F0742 /* JHBaseColor.swift */; };
/* End PBXBuildFile section */

/* Begin PBXFileReference section */
		9C92D22426CE1F15005F0742 /* JHBaseColor.swift */ = {isa = PBXFileReference; fileEncoding = 4; lastKnownFileType = sourcecode.swift; path = JHBaseColor.swift; sourceTree = "<group>"; };
		9C92D22526CE1F15005F0742 /* JHBaseUI.swift */ = {isa = PBXFileReference; fileEncoding = 4; lastKnownFileType = sourcecode.swift; path = JHBaseUI.swift; sourceTree = "<group>"; };
		9CE5E54726CD29BF00F2E990 /* JHBase.framework */ = {isa = PBXFileReference; explicitFileType = wrapper.framework; includeInIndex = 0; path = JHBase.framework; sourceTree = BUILT_PRODUCTS_DIR; };
		9CE5E54A26CD29BF00F2E990 /* JHBase.h */ = {isa = PBXFileReference; lastKnownFileType = sourcecode.c.h; path = JHBase.h; sourceTree = "<group>"; };
		9CE5E54B26CD29BF00F2E990 /* JHBase-Info.plist */ = {isa = PBXFileReference; lastKnownFileType = text.plist.xml; path = "JHBase-Info.plist"; sourceTree = "<group>"; };
		9CE5E55326CD29EB00F2E990 /* Module-Release.xcconfig */ = {isa = PBXFileReference; fileEncoding = 4; lastKnownFileType = text.xcconfig; path = "Module-Release.xcconfig"; sourceTree = "<group>"; };
		9CE5E55426CD29EB00F2E990 /* Module-Debug.xcconfig */ = {isa = PBXFileReference; fileEncoding = 4; lastKnownFileType = text.xcconfig; path = "Module-Debug.xcconfig"; sourceTree = "<group>"; };
		9CE5E55526CD29EB00F2E990 /* Module-Shared.xcconfig */ = {isa = PBXFileReference; fileEncoding = 4; lastKnownFileType = text.xcconfig; path = "Module-Shared.xcconfig"; sourceTree = "<group>"; };
		9CEC8A4226D634F000089960 /* JHBaseDemo.app */ = {isa = PBXFileReference; explicitFileType = wrapper.application; includeInIndex = 0; path = JHBaseDemo.app; sourceTree = BUILT_PRODUCTS_DIR; };
		9CEC8A4426D634F000089960 /* AppDelegate.h */ = {isa = PBXFileReference; lastKnownFileType = sourcecode.c.h; path = AppDelegate.h; sourceTree = "<group>"; };
		9CEC8A4526D634F000089960 /* AppDelegate.m */ = {isa = PBXFileReference; lastKnownFileType = sourcecode.c.objc; path = AppDelegate.m; sourceTree = "<group>"; };
		9CEC8A4A26D634F000089960 /* ViewController.h */ = {isa = PBXFileReference; lastKnownFileType = sourcecode.c.h; path = ViewController.h; sourceTree = "<group>"; };
		9CEC8A4B26D634F000089960 /* ViewController.m */ = {isa = PBXFileReference; lastKnownFileType = sourcecode.c.objc; path = ViewController.m; sourceTree = "<group>"; };
		9CEC8A4E26D634F000089960 /* Base */ = {isa = PBXFileReference; lastKnownFileType = file.storyboard; name = Base; path = Base.lproj/Main.storyboard; sourceTree = "<group>"; };
		9CEC8A5026D634F100089960 /* Assets.xcassets */ = {isa = PBXFileReference; lastKnownFileType = folder.assetcatalog; path = Assets.xcassets; sourceTree = "<group>"; };
		9CEC8A5326D634F100089960 /* Base */ = {isa = PBXFileReference; lastKnownFileType = file.storyboard; name = Base; path = Base.lproj/LaunchScreen.storyboard; sourceTree = "<group>"; };
		9CEC8A5526D634F100089960 /* Info.plist */ = {isa = PBXFileReference; lastKnownFileType = text.plist.xml; path = Info.plist; sourceTree = "<group>"; };
		9CEC8A5626D634F100089960 /* main.m */ = {isa = PBXFileReference; lastKnownFileType = sourcecode.c.objc; path = main.m; sourceTree = "<group>"; };
		9CEC8A5C26D639AB00089960 /* JHBaseDemo-Bridging-Header.h */ = {isa = PBXFileReference; lastKnownFileType = sourcecode.c.h; path = "JHBaseDemo-Bridging-Header.h"; sourceTree = "<group>"; };
		9CEC8A5D26D639AB00089960 /* MainModel.swift */ = {isa = PBXFileReference; lastKnownFileType = sourcecode.swift; path = MainModel.swift; sourceTree = "<group>"; };
/* End PBXFileReference section */

/* Begin PBXFrameworksBuildPhase section */
		9CE5E54426CD29BF00F2E990 /* Frameworks */ = {
			isa = PBXFrameworksBuildPhase;
			buildActionMask = 2147483647;
			files = (
			);
			runOnlyForDeploymentPostprocessing = 0;
		};
		9CEC8A3F26D634F000089960 /* Frameworks */ = {
			isa = PBXFrameworksBuildPhase;
			buildActionMask = 2147483647;
			files = (
			);
			runOnlyForDeploymentPostprocessing = 0;
		};
/* End PBXFrameworksBuildPhase section */

/* Begin PBXGroup section */
		9C92D22226CE1F15005F0742 /* Sources */ = {
			isa = PBXGroup;
			children = (
				9C92D22326CE1F15005F0742 /* JHBase */,
			);
			path = Sources;
			sourceTree = "<group>";
		};
		9C92D22326CE1F15005F0742 /* JHBase */ = {
			isa = PBXGroup;
			children = (
				9C92D22426CE1F15005F0742 /* JHBaseColor.swift */,
				9C92D22526CE1F15005F0742 /* JHBaseUI.swift */,
			);
			path = JHBase;
			sourceTree = "<group>";
		};
		9CE5E53D26CD29BF00F2E990 = {
			isa = PBXGroup;
			children = (
				9CEC8A4326D634F000089960 /* JHBaseDemo */,
				9CE5E55226CD29EB00F2E990 /* Configs */,
				9C92D22226CE1F15005F0742 /* Sources */,
				9CE5E54926CD29BF00F2E990 /* JHBase */,
				9CE5E54826CD29BF00F2E990 /* Products */,
			);
			sourceTree = "<group>";
		};
		9CE5E54826CD29BF00F2E990 /* Products */ = {
			isa = PBXGroup;
			children = (
				9CE5E54726CD29BF00F2E990 /* JHBase.framework */,
				9CEC8A4226D634F000089960 /* JHBaseDemo.app */,
			);
			name = Products;
			sourceTree = "<group>";
		};
		9CE5E54926CD29BF00F2E990 /* JHBase */ = {
			isa = PBXGroup;
			children = (
				9CE5E54A26CD29BF00F2E990 /* JHBase.h */,
				9CE5E54B26CD29BF00F2E990 /* JHBase-Info.plist */,
			);
			path = JHBase;
			sourceTree = "<group>";
		};
		9CE5E55226CD29EB00F2E990 /* Configs */ = {
			isa = PBXGroup;
			children = (
				9CE5E55326CD29EB00F2E990 /* Module-Release.xcconfig */,
				9CE5E55426CD29EB00F2E990 /* Module-Debug.xcconfig */,
				9CE5E55526CD29EB00F2E990 /* Module-Shared.xcconfig */,
			);
			path = Configs;
			sourceTree = "<group>";
		};
		9CEC8A4326D634F000089960 /* JHBaseDemo */ = {
			isa = PBXGroup;
			children = (
				9CEC8A4426D634F000089960 /* AppDelegate.h */,
				9CEC8A4526D634F000089960 /* AppDelegate.m */,
				9CEC8A4A26D634F000089960 /* ViewController.h */,
				9CEC8A4B26D634F000089960 /* ViewController.m */,
				9CEC8A5D26D639AB00089960 /* MainModel.swift */,
				9CEC8A4D26D634F000089960 /* Main.storyboard */,
				9CEC8A5026D634F100089960 /* Assets.xcassets */,
				9CEC8A5226D634F100089960 /* LaunchScreen.storyboard */,
				9CEC8A5526D634F100089960 /* Info.plist */,
				9CEC8A5626D634F100089960 /* main.m */,
				9CEC8A5C26D639AB00089960 /* JHBaseDemo-Bridging-Header.h */,
			);
			path = JHBaseDemo;
			sourceTree = "<group>";
		};
/* End PBXGroup section */

/* Begin PBXHeadersBuildPhase section */
		9CE5E54226CD29BF00F2E990 /* Headers */ = {
			isa = PBXHeadersBuildPhase;
			buildActionMask = 2147483647;
			files = (
				9CE5E54C26CD29BF00F2E990 /* JHBase.h in Headers */,
			);
			runOnlyForDeploymentPostprocessing = 0;
		};
/* End PBXHeadersBuildPhase section */

/* Begin PBXNativeTarget section */
		9CE5E54626CD29BF00F2E990 /* JHBase */ = {
			isa = PBXNativeTarget;
			buildConfigurationList = 9CE5E54F26CD29BF00F2E990 /* Build configuration list for PBXNativeTarget "JHBase" */;
			buildPhases = (
				9CE5E54226CD29BF00F2E990 /* Headers */,
				9CE5E54326CD29BF00F2E990 /* Sources */,
				9CE5E54426CD29BF00F2E990 /* Frameworks */,
				9CE5E54526CD29BF00F2E990 /* Resources */,
			);
			buildRules = (
			);
			dependencies = (
			);
			name = JHBase;
			productName = JHBase;
			productReference = 9CE5E54726CD29BF00F2E990 /* JHBase.framework */;
			productType = "com.apple.product-type.framework";
		};
		9CEC8A4126D634F000089960 /* JHBaseDemo */ = {
			isa = PBXNativeTarget;
			buildConfigurationList = 9CEC8A5A26D634F100089960 /* Build configuration list for PBXNativeTarget "JHBaseDemo" */;
			buildPhases = (
				9CEC8A3E26D634F000089960 /* Sources */,
				9CEC8A3F26D634F000089960 /* Frameworks */,
				9CEC8A4026D634F000089960 /* Resources */,
			);
			buildRules = (
			);
			dependencies = (
			);
			name = JHBaseDemo;
			packageProductDependencies = (
			);
			productName = JHBaseDemo;
			productReference = 9CEC8A4226D634F000089960 /* JHBaseDemo.app */;
			productType = "com.apple.product-type.application";
		};
/* End PBXNativeTarget section */

/* Begin PBXProject section */
		9CE5E53E26CD29BF00F2E990 /* Project object */ = {
			isa = PBXProject;
			attributes = {
				LastUpgradeCheck = 1250;
				TargetAttributes = {
					9CE5E54626CD29BF00F2E990 = {
						CreatedOnToolsVersion = 12.5.1;
					};
					9CEC8A4126D634F000089960 = {
						CreatedOnToolsVersion = 12.5.1;
						LastSwiftMigration = 1250;
					};
				};
			};
			buildConfigurationList = 9CE5E54126CD29BF00F2E990 /* Build configuration list for PBXProject "JHBase" */;
			compatibilityVersion = "Xcode 9.3";
			developmentRegion = en;
			hasScannedForEncodings = 0;
			knownRegions = (
				en,
				Base,
			);
			mainGroup = 9CE5E53D26CD29BF00F2E990;
			packageReferences = (
			);
			productRefGroup = 9CE5E54826CD29BF00F2E990 /* Products */;
			projectDirPath = "";
			projectRoot = "";
			targets = (
				9CE5E54626CD29BF00F2E990 /* JHBase */,
				9CEC8A4126D634F000089960 /* JHBaseDemo */,
			);
		};
/* End PBXProject section */

/* Begin PBXResourcesBuildPhase section */
		9CE5E54526CD29BF00F2E990 /* Resources */ = {
			isa = PBXResourcesBuildPhase;
			buildActionMask = 2147483647;
			files = (
			);
			runOnlyForDeploymentPostprocessing = 0;
		};
		9CEC8A4026D634F000089960 /* Resources */ = {
			isa = PBXResourcesBuildPhase;
			buildActionMask = 2147483647;
			files = (
				9CEC8A5426D634F100089960 /* LaunchScreen.storyboard in Resources */,
				9CEC8A5126D634F100089960 /* Assets.xcassets in Resources */,
				9CEC8A4F26D634F000089960 /* Main.storyboard in Resources */,
			);
			runOnlyForDeploymentPostprocessing = 0;
		};
/* End PBXResourcesBuildPhase section */

/* Begin PBXSourcesBuildPhase section */
		9CE5E54326CD29BF00F2E990 /* Sources */ = {
			isa = PBXSourcesBuildPhase;
			buildActionMask = 2147483647;
			files = (
				4EB67E1926D64DF000A30EA4 /* JHBaseColor.swift in Sources */,
				9C92D22726CE1F15005F0742 /* JHBaseUI.swift in Sources */,
			);
			runOnlyForDeploymentPostprocessing = 0;
		};
		9CEC8A3E26D634F000089960 /* Sources */ = {
			isa = PBXSourcesBuildPhase;
			buildActionMask = 2147483647;
			files = (
				9CEC8A4C26D634F000089960 /* ViewController.m in Sources */,
				9CEC8A4626D634F000089960 /* AppDelegate.m in Sources */,
				9CEC8A5726D634F100089960 /* main.m in Sources */,
				9CEC8A5E26D639AB00089960 /* MainModel.swift in Sources */,
				9CEC8A5F26D639EC00089960 /* JHBaseUI.swift in Sources */,
				9CEC8A6326D63CB900089960 /* JHBaseColor.swift in Sources */,
			);
			runOnlyForDeploymentPostprocessing = 0;
		};
/* End PBXSourcesBuildPhase section */

/* Begin PBXVariantGroup section */
		9CEC8A4D26D634F000089960 /* Main.storyboard */ = {
			isa = PBXVariantGroup;
			children = (
				9CEC8A4E26D634F000089960 /* Base */,
			);
			name = Main.storyboard;
			sourceTree = "<group>";
		};
		9CEC8A5226D634F100089960 /* LaunchScreen.storyboard */ = {
			isa = PBXVariantGroup;
			children = (
				9CEC8A5326D634F100089960 /* Base */,
			);
			name = LaunchScreen.storyboard;
			sourceTree = "<group>";
		};
/* End PBXVariantGroup section */

/* Begin XCBuildConfiguration section */
		9CE5E54D26CD29BF00F2E990 /* Debug */ = {
			isa = XCBuildConfiguration;
			buildSettings = {
				ALWAYS_SEARCH_USER_PATHS = NO;
				CLANG_ANALYZER_NONNULL = YES;
				CLANG_ANALYZER_NUMBER_OBJECT_CONVERSION = YES_AGGRESSIVE;
				CLANG_CXX_LANGUAGE_STANDARD = "gnu++14";
				CLANG_CXX_LIBRARY = "libc++";
				CLANG_ENABLE_MODULES = YES;
				CLANG_ENABLE_OBJC_ARC = YES;
				CLANG_ENABLE_OBJC_WEAK = YES;
				CLANG_WARN_BLOCK_CAPTURE_AUTORELEASING = YES;
				CLANG_WARN_BOOL_CONVERSION = YES;
				CLANG_WARN_COMMA = YES;
				CLANG_WARN_CONSTANT_CONVERSION = YES;
				CLANG_WARN_DEPRECATED_OBJC_IMPLEMENTATIONS = YES;
				CLANG_WARN_DIRECT_OBJC_ISA_USAGE = YES_ERROR;
				CLANG_WARN_DOCUMENTATION_COMMENTS = YES;
				CLANG_WARN_EMPTY_BODY = YES;
				CLANG_WARN_ENUM_CONVERSION = YES;
				CLANG_WARN_INFINITE_RECURSION = YES;
				CLANG_WARN_INT_CONVERSION = YES;
				CLANG_WARN_NON_LITERAL_NULL_CONVERSION = YES;
				CLANG_WARN_OBJC_IMPLICIT_RETAIN_SELF = YES;
				CLANG_WARN_OBJC_LITERAL_CONVERSION = YES;
				CLANG_WARN_OBJC_ROOT_CLASS = YES_ERROR;
				CLANG_WARN_QUOTED_INCLUDE_IN_FRAMEWORK_HEADER = YES;
				CLANG_WARN_RANGE_LOOP_ANALYSIS = YES;
				CLANG_WARN_STRICT_PROTOTYPES = YES;
				CLANG_WARN_SUSPICIOUS_MOVE = YES;
				CLANG_WARN_UNGUARDED_AVAILABILITY = YES_AGGRESSIVE;
				CLANG_WARN_UNREACHABLE_CODE = YES;
				CLANG_WARN__DUPLICATE_METHOD_MATCH = YES;
				COPY_PHASE_STRIP = NO;
				CURRENT_PROJECT_VERSION = 1;
				DEBUG_INFORMATION_FORMAT = dwarf;
				ENABLE_STRICT_OBJC_MSGSEND = YES;
				ENABLE_TESTABILITY = YES;
				GCC_C_LANGUAGE_STANDARD = gnu11;
				GCC_DYNAMIC_NO_PIC = NO;
				GCC_NO_COMMON_BLOCKS = YES;
				GCC_OPTIMIZATION_LEVEL = 0;
				GCC_PREPROCESSOR_DEFINITIONS = (
					"DEBUG=1",
					"$(inherited)",
				);
				GCC_WARN_64_TO_32_BIT_CONVERSION = YES;
				GCC_WARN_ABOUT_RETURN_TYPE = YES_ERROR;
				GCC_WARN_UNDECLARED_SELECTOR = YES;
				GCC_WARN_UNINITIALIZED_AUTOS = YES_AGGRESSIVE;
				GCC_WARN_UNUSED_FUNCTION = YES;
				GCC_WARN_UNUSED_VARIABLE = YES;
				IPHONEOS_DEPLOYMENT_TARGET = 14.5;
				MTL_ENABLE_DEBUG_INFO = INCLUDE_SOURCE;
				MTL_FAST_MATH = YES;
				ONLY_ACTIVE_ARCH = YES;
				SDKROOT = iphoneos;
				SWIFT_ACTIVE_COMPILATION_CONDITIONS = DEBUG;
				SWIFT_OPTIMIZATION_LEVEL = "-Onone";
				VERSIONING_SYSTEM = "apple-generic";
				VERSION_INFO_PREFIX = "";
			};
			name = Debug;
		};
		9CE5E54E26CD29BF00F2E990 /* Release */ = {
			isa = XCBuildConfiguration;
			buildSettings = {
				ALWAYS_SEARCH_USER_PATHS = NO;
				CLANG_ANALYZER_NONNULL = YES;
				CLANG_ANALYZER_NUMBER_OBJECT_CONVERSION = YES_AGGRESSIVE;
				CLANG_CXX_LANGUAGE_STANDARD = "gnu++14";
				CLANG_CXX_LIBRARY = "libc++";
				CLANG_ENABLE_MODULES = YES;
				CLANG_ENABLE_OBJC_ARC = YES;
				CLANG_ENABLE_OBJC_WEAK = YES;
				CLANG_WARN_BLOCK_CAPTURE_AUTORELEASING = YES;
				CLANG_WARN_BOOL_CONVERSION = YES;
				CLANG_WARN_COMMA = YES;
				CLANG_WARN_CONSTANT_CONVERSION = YES;
				CLANG_WARN_DEPRECATED_OBJC_IMPLEMENTATIONS = YES;
				CLANG_WARN_DIRECT_OBJC_ISA_USAGE = YES_ERROR;
				CLANG_WARN_DOCUMENTATION_COMMENTS = YES;
				CLANG_WARN_EMPTY_BODY = YES;
				CLANG_WARN_ENUM_CONVERSION = YES;
				CLANG_WARN_INFINITE_RECURSION = YES;
				CLANG_WARN_INT_CONVERSION = YES;
				CLANG_WARN_NON_LITERAL_NULL_CONVERSION = YES;
				CLANG_WARN_OBJC_IMPLICIT_RETAIN_SELF = YES;
				CLANG_WARN_OBJC_LITERAL_CONVERSION = YES;
				CLANG_WARN_OBJC_ROOT_CLASS = YES_ERROR;
				CLANG_WARN_QUOTED_INCLUDE_IN_FRAMEWORK_HEADER = YES;
				CLANG_WARN_RANGE_LOOP_ANALYSIS = YES;
				CLANG_WARN_STRICT_PROTOTYPES = YES;
				CLANG_WARN_SUSPICIOUS_MOVE = YES;
				CLANG_WARN_UNGUARDED_AVAILABILITY = YES_AGGRESSIVE;
				CLANG_WARN_UNREACHABLE_CODE = YES;
				CLANG_WARN__DUPLICATE_METHOD_MATCH = YES;
				COPY_PHASE_STRIP = NO;
				CURRENT_PROJECT_VERSION = 1;
				DEBUG_INFORMATION_FORMAT = "dwarf-with-dsym";
				ENABLE_NS_ASSERTIONS = NO;
				ENABLE_STRICT_OBJC_MSGSEND = YES;
				GCC_C_LANGUAGE_STANDARD = gnu11;
				GCC_NO_COMMON_BLOCKS = YES;
				GCC_WARN_64_TO_32_BIT_CONVERSION = YES;
				GCC_WARN_ABOUT_RETURN_TYPE = YES_ERROR;
				GCC_WARN_UNDECLARED_SELECTOR = YES;
				GCC_WARN_UNINITIALIZED_AUTOS = YES_AGGRESSIVE;
				GCC_WARN_UNUSED_FUNCTION = YES;
				GCC_WARN_UNUSED_VARIABLE = YES;
				IPHONEOS_DEPLOYMENT_TARGET = 14.5;
				MTL_ENABLE_DEBUG_INFO = NO;
				MTL_FAST_MATH = YES;
				SDKROOT = iphoneos;
				SWIFT_COMPILATION_MODE = wholemodule;
				SWIFT_OPTIMIZATION_LEVEL = "-O";
				VALIDATE_PRODUCT = YES;
				VERSIONING_SYSTEM = "apple-generic";
				VERSION_INFO_PREFIX = "";
			};
			name = Release;
		};
		9CE5E55026CD29BF00F2E990 /* Debug */ = {
			isa = XCBuildConfiguration;
			baseConfigurationReference = 9CE5E55426CD29EB00F2E990 /* Module-Debug.xcconfig */;
			buildSettings = {
				CODE_SIGN_STYLE = Automatic;
				DEFINES_MODULE = YES;
				DYLIB_COMPATIBILITY_VERSION = 1;
				DYLIB_CURRENT_VERSION = 1;
				DYLIB_INSTALL_NAME_BASE = "@rpath";
				INFOPLIST_FILE = "JHBase/JHBase-Info.plist";
				INSTALL_PATH = "$(LOCAL_LIBRARY_DIR)/Frameworks";
				LD_RUNPATH_SEARCH_PATHS = (
					"$(inherited)",
					"@executable_path/Frameworks",
					"@loader_path/Frameworks",
				);
				PRODUCT_BUNDLE_IDENTIFIER = com.jinher.JHBase;
				PRODUCT_NAME = "$(TARGET_NAME:c99extidentifier)";
				SKIP_INSTALL = YES;
				SWIFT_VERSION = 5.0;
				TARGETED_DEVICE_FAMILY = "1,2";
			};
			name = Debug;
		};
		9CE5E55126CD29BF00F2E990 /* Release */ = {
			isa = XCBuildConfiguration;
			baseConfigurationReference = 9CE5E55326CD29EB00F2E990 /* Module-Release.xcconfig */;
			buildSettings = {
				CODE_SIGN_STYLE = Automatic;
				DEFINES_MODULE = YES;
				DYLIB_COMPATIBILITY_VERSION = 1;
				DYLIB_CURRENT_VERSION = 1;
				DYLIB_INSTALL_NAME_BASE = "@rpath";
				INFOPLIST_FILE = "JHBase/JHBase-Info.plist";
				INSTALL_PATH = "$(LOCAL_LIBRARY_DIR)/Frameworks";
				LD_RUNPATH_SEARCH_PATHS = (
					"$(inherited)",
					"@executable_path/Frameworks",
					"@loader_path/Frameworks",
				);
				PRODUCT_BUNDLE_IDENTIFIER = com.jinher.JHBase;
				PRODUCT_NAME = "$(TARGET_NAME:c99extidentifier)";
				SKIP_INSTALL = YES;
				SWIFT_VERSION = 5.0;
				TARGETED_DEVICE_FAMILY = "1,2";
			};
			name = Release;
		};
		9CEC8A5826D634F100089960 /* Debug */ = {
			isa = XCBuildConfiguration;
			buildSettings = {
				ASSETCATALOG_COMPILER_APPICON_NAME = AppIcon;
				ASSETCATALOG_COMPILER_GLOBAL_ACCENT_COLOR_NAME = AccentColor;
				CLANG_ENABLE_MODULES = YES;
				CODE_SIGN_IDENTITY = "iPhone Developer";
				CODE_SIGN_STYLE = Manual;
				DEVELOPMENT_TEAM = 9CA5KUE8T7;
				INFOPLIST_FILE = JHBaseDemo/Info.plist;
				IPHONEOS_DEPLOYMENT_TARGET = 11.0;
				LD_RUNPATH_SEARCH_PATHS = (
					"$(inherited)",
					"@executable_path/Frameworks",
				);
				PRODUCT_BUNDLE_IDENTIFIER = com.jinher.jingquezhili;
				PRODUCT_NAME = "$(TARGET_NAME)";
				PROVISIONING_PROFILE_SPECIFIER = jingquezhili;
				SWIFT_OBJC_BRIDGING_HEADER = "JHBaseDemo/JHBaseDemo-Bridging-Header.h";
				SWIFT_OPTIMIZATION_LEVEL = "-Onone";
				SWIFT_VERSION = 5.0;
				TARGETED_DEVICE_FAMILY = "1,2";
			};
			name = Debug;
		};
		9CEC8A5926D634F100089960 /* Release */ = {
			isa = XCBuildConfiguration;
			buildSettings = {
				ASSETCATALOG_COMPILER_APPICON_NAME = AppIcon;
				ASSETCATALOG_COMPILER_GLOBAL_ACCENT_COLOR_NAME = AccentColor;
				CLANG_ENABLE_MODULES = YES;
				CODE_SIGN_IDENTITY = "iPhone Developer";
				CODE_SIGN_STYLE = Manual;
				DEVELOPMENT_TEAM = 9CA5KUE8T7;
				INFOPLIST_FILE = JHBaseDemo/Info.plist;
				IPHONEOS_DEPLOYMENT_TARGET = 11.0;
				LD_RUNPATH_SEARCH_PATHS = (
					"$(inherited)",
					"@executable_path/Frameworks",
				);
				PRODUCT_BUNDLE_IDENTIFIER = com.jinher.jingquezhili;
				PRODUCT_NAME = "$(TARGET_NAME)";
				PROVISIONING_PROFILE_SPECIFIER = jingquezhili;
				SWIFT_OBJC_BRIDGING_HEADER = "JHBaseDemo/JHBaseDemo-Bridging-Header.h";
				SWIFT_VERSION = 5.0;
				TARGETED_DEVICE_FAMILY = "1,2";
			};
			name = Release;
		};
/* End XCBuildConfiguration section */

/* Begin XCConfigurationList section */
		9CE5E54126CD29BF00F2E990 /* Build configuration list for PBXProject "JHBase" */ = {
			isa = XCConfigurationList;
			buildConfigurations = (
				9CE5E54D26CD29BF00F2E990 /* Debug */,
				9CE5E54E26CD29BF00F2E990 /* Release */,
			);
			defaultConfigurationIsVisible = 0;
			defaultConfigurationName = Release;
		};
		9CE5E54F26CD29BF00F2E990 /* Build configuration list for PBXNativeTarget "JHBase" */ = {
			isa = XCConfigurationList;
			buildConfigurations = (
				9CE5E55026CD29BF00F2E990 /* Debug */,
				9CE5E55126CD29BF00F2E990 /* Release */,
			);
			defaultConfigurationIsVisible = 0;
			defaultConfigurationName = Release;
		};
		9CEC8A5A26D634F100089960 /* Build configuration list for PBXNativeTarget "JHBaseDemo" */ = {
			isa = XCConfigurationList;
			buildConfigurations = (
				9CEC8A5826D634F100089960 /* Debug */,
				9CEC8A5926D634F100089960 /* Release */,
			);
			defaultConfigurationIsVisible = 0;
			defaultConfigurationName = Release;
		};
/* End XCConfigurationList section */
	};
	rootObject = 9CE5E53E26CD29BF00F2E990 /* Project object */;
}
