{
  "object": {
    "pins": [
      {
        "package": "JHThird",
        "repositoryURL": "http://192.168.9.190/publicplugingoup/JHThirdPackage.git",
        "state": {
          "branch": "master",
          "revision": "20578230ce7b7ce41e8cbb8f731d26c2a1ad7baa",
          "version": null
        }
      }
    ]
  },
  "version": 1
}
