{
  "object": {
    "pins": [
      {
        "package": "JHThird",
        "repositoryURL": "http://192.168.9.190/publicplugingoup/JHThirdPackage.git",
        "state": {
          "branch": "master",
          "revision": "f861baaeb252430f88e67250008d5bc07bcb8781",
          "version": null
        }
      }
    ]
  },
  "version": 1
}
