{
  "object": {
    "pins": [
      {
        "package": "JHThird",
        "repositoryURL": "http://192.168.9.190/publicplugingoup/JHThirdPackage.git",
        "state": {
          "branch": "master",
          "revision": "ea9ff96f856f8793cc86481e8ec9b06841b6cfdb",
          "version": null
        }
      }
    ]
  },
  "version": 1
}
